
Microsoft Visual Studio Solution File, Format Version 12.00
# Visual Studio Version 17
VisualStudioVersion = 17.10.35027.167
MinimumVisualStudioVersion = 10.0.40219.1
Project("{9A19103F-16F7-4668-BE54-9A1E7A4F7556}") = "Extract Method", "Refactorings\Extract Method.csproj", "{AC44B96E-F400-47C0-8706-BB51D6CF15F2}"
EndProject
Project("{2150E333-8FDC-42A3-9474-1A3956D46DE8}") = "Refactorings", "Refactorings", "{1AB1C44E-B8D7-448C-93F7-AA183EBA7734}"
EndProject
Project("{9A19103F-16F7-4668-BE54-9A1E7A4F7556}") = "Inline Method", "Inline Method\Inline Method.csproj", "{48F93DF4-D0CD-4FB6-B6D2-F998AD745C9D}"
EndProject
Project("{9A19103F-16F7-4668-BE54-9A1E7A4F7556}") = "Extract Variable", "Extract Variable\Extract Variable.csproj", "{E7A1777C-50C2-4710-A039-381BF8FFE753}"
EndProject
Project("{9A19103F-16F7-4668-BE54-9A1E7A4F7556}") = "Inline Temp", "Inline Temp\Inline Temp.csproj", "{8C7DB8C1-52F8-4477-9961-E0191AA78A00}"
EndProject
Project("{9A19103F-16F7-4668-BE54-9A1E7A4F7556}") = "Replace Temp with Query", "Replace Temp with Query\Replace Temp with Query.csproj", "{632A5B4D-214F-4438-9B57-ACBDD651BCA8}"
EndProject
Project("{9A19103F-16F7-4668-BE54-9A1E7A4F7556}") = "Split Temporary Variable", "Split Temporary Variable\Split Temporary Variable.csproj", "{02D41562-C9B0-4FAF-99F2-23B2E5CBA81A}"
EndProject
Project("{9A19103F-16F7-4668-BE54-9A1E7A4F7556}") = "Remove Assignments to Parameters", "Remove Assignments to Parameters\Remove Assignments to Parameters.csproj", "{5F7EEC42-1A14-4FB3-9E11-BD142C0D994E}"
EndProject
Project("{9A19103F-16F7-4668-BE54-9A1E7A4F7556}") = "Replace Method with Method Object", "Replace Method with Method Object\Replace Method with Method Object.csproj", "{0D69E6E6-C261-41C1-AB62-623D1D17BD9F}"
EndProject
Project("{9A19103F-16F7-4668-BE54-9A1E7A4F7556}") = "Substitute Algorithm", "Substitute Algorithm\Substitute Algorithm.csproj", "{E4DEEFC3-C4A4-49FB-8DB0-3C7343EE5D2D}"
EndProject
Project("{2150E333-8FDC-42A3-9474-1A3956D46DE8}") = "Moving Features between Objects", "Moving Features between Objects", "{B0A71B05-7416-44FC-B35C-F647FDC34D46}"
EndProject
Project("{FAE04EC0-301F-11D3-BF4B-00C04F79EFBC}") = "Introduce Foreign Method", "Introduce Foreign Method\Introduce Foreign Method.csproj", "{BAFCCF4E-A077-4B74-ACA3-FD1FB4568C91}"
EndProject
Project("{2150E333-8FDC-42A3-9474-1A3956D46DE8}") = "Organizing Data", "Organizing Data", "{F7AF852C-D3EE-4794-B237-D3C99CC57B38}"
EndProject
Project("{FAE04EC0-301F-11D3-BF4B-00C04F79EFBC}") = "Self Encapsulate Field", "Self Encapsulate Field\Self Encapsulate Field.csproj", "{398E0A93-2759-4B2F-9DDE-A81E2C86BC3C}"
EndProject
Project("{FAE04EC0-301F-11D3-BF4B-00C04F79EFBC}") = "Replace Array with Object", "Replace Array with Object\Replace Array with Object.csproj", "{CEDF4C90-6920-4CBC-A2CB-709C9E0D7025}"
EndProject
Project("{FAE04EC0-301F-11D3-BF4B-00C04F79EFBC}") = "Replace Magic Number with Symbolic Constant", "Replace Magic Number with Symbolic Constant\Replace Magic Number with Symbolic Constant.csproj", "{2CEC0660-5973-49A3-A35F-9FE6B0FA0AF7}"
EndProject
Project("{FAE04EC0-301F-11D3-BF4B-00C04F79EFBC}") = "Encapsulate Field", "Encapsulate Field\Encapsulate Field.csproj", "{8AFE622B-92A3-4DAB-9D39-6C37B35626A5}"
EndProject
Project("{2150E333-8FDC-42A3-9474-1A3956D46DE8}") = "Simplifying Conditional Expressions", "Simplifying Conditional Expressions", "{9C1B840E-ED66-41BE-8A15-C3C16D5DCF2E}"
EndProject
Project("{FAE04EC0-301F-11D3-BF4B-00C04F79EFBC}") = "Decompose Conditional", "Decompose Conditional\Decompose Conditional.csproj", "{C67D97E7-98E4-4539-BED9-C11863EBCDD5}"
EndProject
Project("{FAE04EC0-301F-11D3-BF4B-00C04F79EFBC}") = "Consolidate Conditional Expression", "Consolidate Conditional Expression\Consolidate Conditional Expression.csproj", "{6171E73C-FEF8-4A4D-B652-8011FECCFCE8}"
EndProject
Project("{FAE04EC0-301F-11D3-BF4B-00C04F79EFBC}") = "Consolidate Duplicate Conditional Fragments", "Consolidate Duplicate Conditional Fragments\Consolidate Duplicate Conditional Fragments.csproj", "{792D8909-E995-4EBC-9489-7FAD2D6CCF09}"
EndProject
Project("{FAE04EC0-301F-11D3-BF4B-00C04F79EFBC}") = "Replace Nested Conditional with Guard Clauses", "Replace Nested Conditional with Guard Clauses\Replace Nested Conditional with Guard Clauses.csproj", "{10E3A064-C457-423C-AAA5-AA87F5F8DFC9}"
EndProject
Project("{FAE04EC0-301F-11D3-BF4B-00C04F79EFBC}") = "Replace Conditional with Polymorphism", "Replace Conditional with Polymorphism\Replace Conditional with Polymorphism.csproj", "{7332F148-5460-4FEB-A52A-06A07AC30FC5}"
EndProject
Project("{2150E333-8FDC-42A3-9474-1A3956D46DE8}") = "Simplifying Method Calls", "Simplifying Method Calls", "{AB38C595-C374-4022-B9A9-828ADBE11C3D}"
EndProject
Project("{FAE04EC0-301F-11D3-BF4B-00C04F79EFBC}") = "Replace Parameter with Explicit Methods", "Replace Parameter with Explicit Methods\Replace Parameter with Explicit Methods.csproj", "{2BCC2F3A-E87F-4999-B2D7-BC315B319060}"
EndProject
Project("{FAE04EC0-301F-11D3-BF4B-00C04F79EFBC}") = "Preserve Whole Object", "Preserve Whole Object\Preserve Whole Object.csproj", "{3CA02A59-7043-4468-A160-2D44FCCFA2EC}"
EndProject
Project("{FAE04EC0-301F-11D3-BF4B-00C04F79EFBC}") = "Replace Parameter with Method Call", "Replace Parameter with Method Call\Replace Parameter with Method Call.csproj", "{45DCDC1D-74F7-4CDA-B839-891CE81505D6}"
EndProject
Project("{FAE04EC0-301F-11D3-BF4B-00C04F79EFBC}") = "Replace Constructor with Factory Method", "Replace Constructor with Factory Method\Replace Constructor with Factory Method.csproj", "{76307A51-7FF1-4C14-B047-DE6DAE8963C3}"
EndProject
Project("{FAE04EC0-301F-11D3-BF4B-00C04F79EFBC}") = "Replace Error Code with Exception", "Replace Error Code with Exception\Replace Error Code with Exception.csproj", "{7D6A51AD-0BEC-4933-AFC9-E72E42F7B3C4}"
EndProject
Project("{2150E333-8FDC-42A3-9474-1A3956D46DE8}") = "Dealing with Generalization", "Dealing with Generalization", "{E38FF272-4548-4491-A677-E425D4C566B2}"
EndProject
Project("{FAE04EC0-301F-11D3-BF4B-00C04F79EFBC}") = "Pull Up Constructor Body", "Pull Up Constructor Body\Pull Up Constructor Body.csproj", "{34FCAE25-6BF5-438C-B0A6-B89B4249124E}"
EndProject
Project("{FAE04EC0-301F-11D3-BF4B-00C04F79EFBC}") = "Pull Up Field", "Pull Up Field\Pull Up Field.csproj", "{7E7DC742-10C0-4A83-AB0E-2F52C87A09E4}"
EndProject
Project("{FAE04EC0-301F-11D3-BF4B-00C04F79EFBC}") = "Pull Up Method", "Pull Up Method\Pull Up Method.csproj", "{20374EB1-50AB-4F7D-AC79-1DA61106CB98}"
EndProject
Project("{FAE04EC0-301F-11D3-BF4B-00C04F79EFBC}") = "Push Down Method", "Push Down Method\Push Down Method.csproj", "{D9C8050A-2E87-4301-8BD3-E2B07D8E74AE}"
EndProject
Project("{FAE04EC0-301F-11D3-BF4B-00C04F79EFBC}") = "Push Down Field", "Push Down Field\Push Down Field.csproj", "{B155C80E-0266-4B88-AB61-8405402227D7}"
EndProject
Project("{FAE04EC0-301F-11D3-BF4B-00C04F79EFBC}") = "Move Field", "Move Field\Move Field.csproj", "{5964F84B-A378-4D81-9CB5-0E02B506DB06}"
EndProject
Project("{FAE04EC0-301F-11D3-BF4B-00C04F79EFBC}") = "Extract Class", "Extract Class\Extract Class.csproj", "{4C251FA8-68C8-4A49-8DB9-F323D676E293}"
EndProject
Project("{FAE04EC0-301F-11D3-BF4B-00C04F79EFBC}") = "Inline Class", "Inline Class\Inline Class.csproj", "{A750BF4A-38F7-4984-8CF1-C2D4C19697C0}"
EndProject
Project("{FAE04EC0-301F-11D3-BF4B-00C04F79EFBC}") = "Hide Delegate", "Hide Delegate\Hide Delegate.csproj", "{0E789AE9-792F-43E5-89F6-101F822B383F}"
EndProject
Project("{FAE04EC0-301F-11D3-BF4B-00C04F79EFBC}") = "Change Bidirectional Association to Unidirectional", "Change Bidirectional Association to Unidirectional\Change Bidirectional Association to Unidirectional.csproj", "{72CA6AAA-C8B2-43D8-9692-EA7C72A90CD9}"
EndProject
Global
	GlobalSection(SolutionConfigurationPlatforms) = preSolution
		Debug|Any CPU = Debug|Any CPU
		Release|Any CPU = Release|Any CPU
	EndGlobalSection
	GlobalSection(ProjectConfigurationPlatforms) = postSolution
		{AC44B96E-F400-47C0-8706-BB51D6CF15F2}.Debug|Any CPU.ActiveCfg = Debug|Any CPU
		{AC44B96E-F400-47C0-8706-BB51D6CF15F2}.Debug|Any CPU.Build.0 = Debug|Any CPU
		{AC44B96E-F400-47C0-8706-BB51D6CF15F2}.Release|Any CPU.ActiveCfg = Release|Any CPU
		{AC44B96E-F400-47C0-8706-BB51D6CF15F2}.Release|Any CPU.Build.0 = Release|Any CPU
		{48F93DF4-D0CD-4FB6-B6D2-F998AD745C9D}.Debug|Any CPU.ActiveCfg = Debug|Any CPU
		{48F93DF4-D0CD-4FB6-B6D2-F998AD745C9D}.Debug|Any CPU.Build.0 = Debug|Any CPU
		{48F93DF4-D0CD-4FB6-B6D2-F998AD745C9D}.Release|Any CPU.ActiveCfg = Release|Any CPU
		{48F93DF4-D0CD-4FB6-B6D2-F998AD745C9D}.Release|Any CPU.Build.0 = Release|Any CPU
		{E7A1777C-50C2-4710-A039-381BF8FFE753}.Debug|Any CPU.ActiveCfg = Debug|Any CPU
		{E7A1777C-50C2-4710-A039-381BF8FFE753}.Debug|Any CPU.Build.0 = Debug|Any CPU
		{E7A1777C-50C2-4710-A039-381BF8FFE753}.Release|Any CPU.ActiveCfg = Release|Any CPU
		{E7A1777C-50C2-4710-A039-381BF8FFE753}.Release|Any CPU.Build.0 = Release|Any CPU
		{8C7DB8C1-52F8-4477-9961-E0191AA78A00}.Debug|Any CPU.ActiveCfg = Debug|Any CPU
		{8C7DB8C1-52F8-4477-9961-E0191AA78A00}.Debug|Any CPU.Build.0 = Debug|Any CPU
		{8C7DB8C1-52F8-4477-9961-E0191AA78A00}.Release|Any CPU.ActiveCfg = Release|Any CPU
		{8C7DB8C1-52F8-4477-9961-E0191AA78A00}.Release|Any CPU.Build.0 = Release|Any CPU
		{632A5B4D-214F-4438-9B57-ACBDD651BCA8}.Debug|Any CPU.ActiveCfg = Debug|Any CPU
		{632A5B4D-214F-4438-9B57-ACBDD651BCA8}.Debug|Any CPU.Build.0 = Debug|Any CPU
		{632A5B4D-214F-4438-9B57-ACBDD651BCA8}.Release|Any CPU.ActiveCfg = Release|Any CPU
		{632A5B4D-214F-4438-9B57-ACBDD651BCA8}.Release|Any CPU.Build.0 = Release|Any CPU
		{02D41562-C9B0-4FAF-99F2-23B2E5CBA81A}.Debug|Any CPU.ActiveCfg = Debug|Any CPU
		{02D41562-C9B0-4FAF-99F2-23B2E5CBA81A}.Debug|Any CPU.Build.0 = Debug|Any CPU
		{02D41562-C9B0-4FAF-99F2-23B2E5CBA81A}.Release|Any CPU.ActiveCfg = Release|Any CPU
		{02D41562-C9B0-4FAF-99F2-23B2E5CBA81A}.Release|Any CPU.Build.0 = Release|Any CPU
		{5F7EEC42-1A14-4FB3-9E11-BD142C0D994E}.Debug|Any CPU.ActiveCfg = Debug|Any CPU
		{5F7EEC42-1A14-4FB3-9E11-BD142C0D994E}.Debug|Any CPU.Build.0 = Debug|Any CPU
		{5F7EEC42-1A14-4FB3-9E11-BD142C0D994E}.Release|Any CPU.ActiveCfg = Release|Any CPU
		{5F7EEC42-1A14-4FB3-9E11-BD142C0D994E}.Release|Any CPU.Build.0 = Release|Any CPU
		{0D69E6E6-C261-41C1-AB62-623D1D17BD9F}.Debug|Any CPU.ActiveCfg = Debug|Any CPU
		{0D69E6E6-C261-41C1-AB62-623D1D17BD9F}.Debug|Any CPU.Build.0 = Debug|Any CPU
		{0D69E6E6-C261-41C1-AB62-623D1D17BD9F}.Release|Any CPU.ActiveCfg = Release|Any CPU
		{0D69E6E6-C261-41C1-AB62-623D1D17BD9F}.Release|Any CPU.Build.0 = Release|Any CPU
		{E4DEEFC3-C4A4-49FB-8DB0-3C7343EE5D2D}.Debug|Any CPU.ActiveCfg = Debug|Any CPU
		{E4DEEFC3-C4A4-49FB-8DB0-3C7343EE5D2D}.Debug|Any CPU.Build.0 = Debug|Any CPU
		{E4DEEFC3-C4A4-49FB-8DB0-3C7343EE5D2D}.Release|Any CPU.ActiveCfg = Release|Any CPU
		{E4DEEFC3-C4A4-49FB-8DB0-3C7343EE5D2D}.Release|Any CPU.Build.0 = Release|Any CPU
		{BAFCCF4E-A077-4B74-ACA3-FD1FB4568C91}.Debug|Any CPU.ActiveCfg = Debug|Any CPU
		{BAFCCF4E-A077-4B74-ACA3-FD1FB4568C91}.Debug|Any CPU.Build.0 = Debug|Any CPU
		{BAFCCF4E-A077-4B74-ACA3-FD1FB4568C91}.Release|Any CPU.ActiveCfg = Release|Any CPU
		{BAFCCF4E-A077-4B74-ACA3-FD1FB4568C91}.Release|Any CPU.Build.0 = Release|Any CPU
		{398E0A93-2759-4B2F-9DDE-A81E2C86BC3C}.Debug|Any CPU.ActiveCfg = Debug|Any CPU
		{398E0A93-2759-4B2F-9DDE-A81E2C86BC3C}.Debug|Any CPU.Build.0 = Debug|Any CPU
		{398E0A93-2759-4B2F-9DDE-A81E2C86BC3C}.Release|Any CPU.ActiveCfg = Release|Any CPU
		{398E0A93-2759-4B2F-9DDE-A81E2C86BC3C}.Release|Any CPU.Build.0 = Release|Any CPU
		{CEDF4C90-6920-4CBC-A2CB-709C9E0D7025}.Debug|Any CPU.ActiveCfg = Debug|Any CPU
		{CEDF4C90-6920-4CBC-A2CB-709C9E0D7025}.Debug|Any CPU.Build.0 = Debug|Any CPU
		{CEDF4C90-6920-4CBC-A2CB-709C9E0D7025}.Release|Any CPU.ActiveCfg = Release|Any CPU
		{CEDF4C90-6920-4CBC-A2CB-709C9E0D7025}.Release|Any CPU.Build.0 = Release|Any CPU
		{2CEC0660-5973-49A3-A35F-9FE6B0FA0AF7}.Debug|Any CPU.ActiveCfg = Debug|Any CPU
		{2CEC0660-5973-49A3-A35F-9FE6B0FA0AF7}.Debug|Any CPU.Build.0 = Debug|Any CPU
		{2CEC0660-5973-49A3-A35F-9FE6B0FA0AF7}.Release|Any CPU.ActiveCfg = Release|Any CPU
		{2CEC0660-5973-49A3-A35F-9FE6B0FA0AF7}.Release|Any CPU.Build.0 = Release|Any CPU
		{8AFE622B-92A3-4DAB-9D39-6C37B35626A5}.Debug|Any CPU.ActiveCfg = Debug|Any CPU
		{8AFE622B-92A3-4DAB-9D39-6C37B35626A5}.Debug|Any CPU.Build.0 = Debug|Any CPU
		{8AFE622B-92A3-4DAB-9D39-6C37B35626A5}.Release|Any CPU.ActiveCfg = Release|Any CPU
		{8AFE622B-92A3-4DAB-9D39-6C37B35626A5}.Release|Any CPU.Build.0 = Release|Any CPU
		{C67D97E7-98E4-4539-BED9-C11863EBCDD5}.Debug|Any CPU.ActiveCfg = Debug|Any CPU
		{C67D97E7-98E4-4539-BED9-C11863EBCDD5}.Debug|Any CPU.Build.0 = Debug|Any CPU
		{C67D97E7-98E4-4539-BED9-C11863EBCDD5}.Release|Any CPU.ActiveCfg = Release|Any CPU
		{C67D97E7-98E4-4539-BED9-C11863EBCDD5}.Release|Any CPU.Build.0 = Release|Any CPU
		{6171E73C-FEF8-4A4D-B652-8011FECCFCE8}.Debug|Any CPU.ActiveCfg = Debug|Any CPU
		{6171E73C-FEF8-4A4D-B652-8011FECCFCE8}.Debug|Any CPU.Build.0 = Debug|Any CPU
		{6171E73C-FEF8-4A4D-B652-8011FECCFCE8}.Release|Any CPU.ActiveCfg = Release|Any CPU
		{6171E73C-FEF8-4A4D-B652-8011FECCFCE8}.Release|Any CPU.Build.0 = Release|Any CPU
		{792D8909-E995-4EBC-9489-7FAD2D6CCF09}.Debug|Any CPU.ActiveCfg = Debug|Any CPU
		{792D8909-E995-4EBC-9489-7FAD2D6CCF09}.Debug|Any CPU.Build.0 = Debug|Any CPU
		{792D8909-E995-4EBC-9489-7FAD2D6CCF09}.Release|Any CPU.ActiveCfg = Release|Any CPU
		{792D8909-E995-4EBC-9489-7FAD2D6CCF09}.Release|Any CPU.Build.0 = Release|Any CPU
		{10E3A064-C457-423C-AAA5-AA87F5F8DFC9}.Debug|Any CPU.ActiveCfg = Debug|Any CPU
		{10E3A064-C457-423C-AAA5-AA87F5F8DFC9}.Debug|Any CPU.Build.0 = Debug|Any CPU
		{10E3A064-C457-423C-AAA5-AA87F5F8DFC9}.Release|Any CPU.ActiveCfg = Release|Any CPU
		{10E3A064-C457-423C-AAA5-AA87F5F8DFC9}.Release|Any CPU.Build.0 = Release|Any CPU
		{7332F148-5460-4FEB-A52A-06A07AC30FC5}.Debug|Any CPU.ActiveCfg = Debug|Any CPU
		{7332F148-5460-4FEB-A52A-06A07AC30FC5}.Debug|Any CPU.Build.0 = Debug|Any CPU
		{7332F148-5460-4FEB-A52A-06A07AC30FC5}.Release|Any CPU.ActiveCfg = Release|Any CPU
		{7332F148-5460-4FEB-A52A-06A07AC30FC5}.Release|Any CPU.Build.0 = Release|Any CPU
		{2BCC2F3A-E87F-4999-B2D7-BC315B319060}.Debug|Any CPU.ActiveCfg = Debug|Any CPU
		{2BCC2F3A-E87F-4999-B2D7-BC315B319060}.Debug|Any CPU.Build.0 = Debug|Any CPU
		{2BCC2F3A-E87F-4999-B2D7-BC315B319060}.Release|Any CPU.ActiveCfg = Release|Any CPU
		{2BCC2F3A-E87F-4999-B2D7-BC315B319060}.Release|Any CPU.Build.0 = Release|Any CPU
		{3CA02A59-7043-4468-A160-2D44FCCFA2EC}.Debug|Any CPU.ActiveCfg = Debug|Any CPU
		{3CA02A59-7043-4468-A160-2D44FCCFA2EC}.Debug|Any CPU.Build.0 = Debug|Any CPU
		{3CA02A59-7043-4468-A160-2D44FCCFA2EC}.Release|Any CPU.ActiveCfg = Release|Any CPU
		{3CA02A59-7043-4468-A160-2D44FCCFA2EC}.Release|Any CPU.Build.0 = Release|Any CPU
		{45DCDC1D-74F7-4CDA-B839-891CE81505D6}.Debug|Any CPU.ActiveCfg = Debug|Any CPU
		{45DCDC1D-74F7-4CDA-B839-891CE81505D6}.Debug|Any CPU.Build.0 = Debug|Any CPU
		{45DCDC1D-74F7-4CDA-B839-891CE81505D6}.Release|Any CPU.ActiveCfg = Release|Any CPU
		{45DCDC1D-74F7-4CDA-B839-891CE81505D6}.Release|Any CPU.Build.0 = Release|Any CPU
		{76307A51-7FF1-4C14-B047-DE6DAE8963C3}.Debug|Any CPU.ActiveCfg = Debug|Any CPU
		{76307A51-7FF1-4C14-B047-DE6DAE8963C3}.Debug|Any CPU.Build.0 = Debug|Any CPU
		{76307A51-7FF1-4C14-B047-DE6DAE8963C3}.Release|Any CPU.ActiveCfg = Release|Any CPU
		{76307A51-7FF1-4C14-B047-DE6DAE8963C3}.Release|Any CPU.Build.0 = Release|Any CPU
		{7D6A51AD-0BEC-4933-AFC9-E72E42F7B3C4}.Debug|Any CPU.ActiveCfg = Debug|Any CPU
		{7D6A51AD-0BEC-4933-AFC9-E72E42F7B3C4}.Debug|Any CPU.Build.0 = Debug|Any CPU
		{7D6A51AD-0BEC-4933-AFC9-E72E42F7B3C4}.Release|Any CPU.ActiveCfg = Release|Any CPU
		{7D6A51AD-0BEC-4933-AFC9-E72E42F7B3C4}.Release|Any CPU.Build.0 = Release|Any CPU
		{34FCAE25-6BF5-438C-B0A6-B89B4249124E}.Debug|Any CPU.ActiveCfg = Debug|Any CPU
		{34FCAE25-6BF5-438C-B0A6-B89B4249124E}.Debug|Any CPU.Build.0 = Debug|Any CPU
		{34FCAE25-6BF5-438C-B0A6-B89B4249124E}.Release|Any CPU.ActiveCfg = Release|Any CPU
		{34FCAE25-6BF5-438C-B0A6-B89B4249124E}.Release|Any CPU.Build.0 = Release|Any CPU
		{7E7DC742-10C0-4A83-AB0E-2F52C87A09E4}.Debug|Any CPU.ActiveCfg = Debug|Any CPU
		{7E7DC742-10C0-4A83-AB0E-2F52C87A09E4}.Debug|Any CPU.Build.0 = Debug|Any CPU
		{7E7DC742-10C0-4A83-AB0E-2F52C87A09E4}.Release|Any CPU.ActiveCfg = Release|Any CPU
		{7E7DC742-10C0-4A83-AB0E-2F52C87A09E4}.Release|Any CPU.Build.0 = Release|Any CPU
		{20374EB1-50AB-4F7D-AC79-1DA61106CB98}.Debug|Any CPU.ActiveCfg = Debug|Any CPU
		{20374EB1-50AB-4F7D-AC79-1DA61106CB98}.Debug|Any CPU.Build.0 = Debug|Any CPU
		{20374EB1-50AB-4F7D-AC79-1DA61106CB98}.Release|Any CPU.ActiveCfg = Release|Any CPU
		{20374EB1-50AB-4F7D-AC79-1DA61106CB98}.Release|Any CPU.Build.0 = Release|Any CPU
		{D9C8050A-2E87-4301-8BD3-E2B07D8E74AE}.Debug|Any CPU.ActiveCfg = Debug|Any CPU
		{D9C8050A-2E87-4301-8BD3-E2B07D8E74AE}.Debug|Any CPU.Build.0 = Debug|Any CPU
		{D9C8050A-2E87-4301-8BD3-E2B07D8E74AE}.Release|Any CPU.ActiveCfg = Release|Any CPU
		{D9C8050A-2E87-4301-8BD3-E2B07D8E74AE}.Release|Any CPU.Build.0 = Release|Any CPU
		{B155C80E-0266-4B88-AB61-8405402227D7}.Debug|Any CPU.ActiveCfg = Debug|Any CPU
		{B155C80E-0266-4B88-AB61-8405402227D7}.Debug|Any CPU.Build.0 = Debug|Any CPU
		{B155C80E-0266-4B88-AB61-8405402227D7}.Release|Any CPU.ActiveCfg = Release|Any CPU
		{B155C80E-0266-4B88-AB61-8405402227D7}.Release|Any CPU.Build.0 = Release|Any CPU
		{5964F84B-A378-4D81-9CB5-0E02B506DB06}.Debug|Any CPU.ActiveCfg = Debug|Any CPU
		{5964F84B-A378-4D81-9CB5-0E02B506DB06}.Debug|Any CPU.Build.0 = Debug|Any CPU
		{5964F84B-A378-4D81-9CB5-0E02B506DB06}.Release|Any CPU.ActiveCfg = Release|Any CPU
		{5964F84B-A378-4D81-9CB5-0E02B506DB06}.Release|Any CPU.Build.0 = Release|Any CPU
		{4C251FA8-68C8-4A49-8DB9-F323D676E293}.Debug|Any CPU.ActiveCfg = Debug|Any CPU
		{4C251FA8-68C8-4A49-8DB9-F323D676E293}.Debug|Any CPU.Build.0 = Debug|Any CPU
		{4C251FA8-68C8-4A49-8DB9-F323D676E293}.Release|Any CPU.ActiveCfg = Release|Any CPU
		{4C251FA8-68C8-4A49-8DB9-F323D676E293}.Release|Any CPU.Build.0 = Release|Any CPU
		{A750BF4A-38F7-4984-8CF1-C2D4C19697C0}.Debug|Any CPU.ActiveCfg = Debug|Any CPU
		{A750BF4A-38F7-4984-8CF1-C2D4C19697C0}.Debug|Any CPU.Build.0 = Debug|Any CPU
		{A750BF4A-38F7-4984-8CF1-C2D4C19697C0}.Release|Any CPU.ActiveCfg = Release|Any CPU
		{A750BF4A-38F7-4984-8CF1-C2D4C19697C0}.Release|Any CPU.Build.0 = Release|Any CPU
		{0E789AE9-792F-43E5-89F6-101F822B383F}.Debug|Any CPU.ActiveCfg = Debug|Any CPU
		{0E789AE9-792F-43E5-89F6-101F822B383F}.Debug|Any CPU.Build.0 = Debug|Any CPU
		{0E789AE9-792F-43E5-89F6-101F822B383F}.Release|Any CPU.ActiveCfg = Release|Any CPU
		{0E789AE9-792F-43E5-89F6-101F822B383F}.Release|Any CPU.Build.0 = Release|Any CPU
		{72CA6AAA-C8B2-43D8-9692-EA7C72A90CD9}.Debug|Any CPU.ActiveCfg = Debug|Any CPU
		{72CA6AAA-C8B2-43D8-9692-EA7C72A90CD9}.Debug|Any CPU.Build.0 = Debug|Any CPU
		{72CA6AAA-C8B2-43D8-9692-EA7C72A90CD9}.Release|Any CPU.ActiveCfg = Release|Any CPU
		{72CA6AAA-C8B2-43D8-9692-EA7C72A90CD9}.Release|Any CPU.Build.0 = Release|Any CPU
	EndGlobalSection
	GlobalSection(SolutionProperties) = preSolution
		HideSolutionNode = FALSE
	EndGlobalSection
	GlobalSection(NestedProjects) = preSolution
		{AC44B96E-F400-47C0-8706-BB51D6CF15F2} = {1AB1C44E-B8D7-448C-93F7-AA183EBA7734}
		{48F93DF4-D0CD-4FB6-B6D2-F998AD745C9D} = {1AB1C44E-B8D7-448C-93F7-AA183EBA7734}
		{E7A1777C-50C2-4710-A039-381BF8FFE753} = {1AB1C44E-B8D7-448C-93F7-AA183EBA7734}
		{8C7DB8C1-52F8-4477-9961-E0191AA78A00} = {1AB1C44E-B8D7-448C-93F7-AA183EBA7734}
		{632A5B4D-214F-4438-9B57-ACBDD651BCA8} = {1AB1C44E-B8D7-448C-93F7-AA183EBA7734}
		{02D41562-C9B0-4FAF-99F2-23B2E5CBA81A} = {1AB1C44E-B8D7-448C-93F7-AA183EBA7734}
		{5F7EEC42-1A14-4FB3-9E11-BD142C0D994E} = {1AB1C44E-B8D7-448C-93F7-AA183EBA7734}
		{0D69E6E6-C261-41C1-AB62-623D1D17BD9F} = {1AB1C44E-B8D7-448C-93F7-AA183EBA7734}
		{E4DEEFC3-C4A4-49FB-8DB0-3C7343EE5D2D} = {1AB1C44E-B8D7-448C-93F7-AA183EBA7734}
		{BAFCCF4E-A077-4B74-ACA3-FD1FB4568C91} = {B0A71B05-7416-44FC-B35C-F647FDC34D46}
		{398E0A93-2759-4B2F-9DDE-A81E2C86BC3C} = {F7AF852C-D3EE-4794-B237-D3C99CC57B38}
		{CEDF4C90-6920-4CBC-A2CB-709C9E0D7025} = {F7AF852C-D3EE-4794-B237-D3C99CC57B38}
		{2CEC0660-5973-49A3-A35F-9FE6B0FA0AF7} = {F7AF852C-D3EE-4794-B237-D3C99CC57B38}
		{8AFE622B-92A3-4DAB-9D39-6C37B35626A5} = {F7AF852C-D3EE-4794-B237-D3C99CC57B38}
		{C67D97E7-98E4-4539-BED9-C11863EBCDD5} = {9C1B840E-ED66-41BE-8A15-C3C16D5DCF2E}
		{6171E73C-FEF8-4A4D-B652-8011FECCFCE8} = {9C1B840E-ED66-41BE-8A15-C3C16D5DCF2E}
		{792D8909-E995-4EBC-9489-7FAD2D6CCF09} = {9C1B840E-ED66-41BE-8A15-C3C16D5DCF2E}
		{10E3A064-C457-423C-AAA5-AA87F5F8DFC9} = {9C1B840E-ED66-41BE-8A15-C3C16D5DCF2E}
		{7332F148-5460-4FEB-A52A-06A07AC30FC5} = {9C1B840E-ED66-41BE-8A15-C3C16D5DCF2E}
		{2BCC2F3A-E87F-4999-B2D7-BC315B319060} = {AB38C595-C374-4022-B9A9-828ADBE11C3D}
		{3CA02A59-7043-4468-A160-2D44FCCFA2EC} = {AB38C595-C374-4022-B9A9-828ADBE11C3D}
		{45DCDC1D-74F7-4CDA-B839-891CE81505D6} = {AB38C595-C374-4022-B9A9-828ADBE11C3D}
		{76307A51-7FF1-4C14-B047-DE6DAE8963C3} = {AB38C595-C374-4022-B9A9-828ADBE11C3D}
		{7D6A51AD-0BEC-4933-AFC9-E72E42F7B3C4} = {AB38C595-C374-4022-B9A9-828ADBE11C3D}
		{34FCAE25-6BF5-438C-B0A6-B89B4249124E} = {E38FF272-4548-4491-A677-E425D4C566B2}
		{7E7DC742-10C0-4A83-AB0E-2F52C87A09E4} = {E38FF272-4548-4491-A677-E425D4C566B2}
		{20374EB1-50AB-4F7D-AC79-1DA61106CB98} = {E38FF272-4548-4491-A677-E425D4C566B2}
		{D9C8050A-2E87-4301-8BD3-E2B07D8E74AE} = {E38FF272-4548-4491-A677-E425D4C566B2}
		{B155C80E-0266-4B88-AB61-8405402227D7} = {E38FF272-4548-4491-A677-E425D4C566B2}
		{5964F84B-A378-4D81-9CB5-0E02B506DB06} = {B0A71B05-7416-44FC-B35C-F647FDC34D46}
		{4C251FA8-68C8-4A49-8DB9-F323D676E293} = {B0A71B05-7416-44FC-B35C-F647FDC34D46}
		{A750BF4A-38F7-4984-8CF1-C2D4C19697C0} = {B0A71B05-7416-44FC-B35C-F647FDC34D46}
		{0E789AE9-792F-43E5-89F6-101F822B383F} = {B0A71B05-7416-44FC-B35C-F647FDC34D46}
		{72CA6AAA-C8B2-43D8-9692-EA7C72A90CD9} = {F7AF852C-D3EE-4794-B237-D3C99CC57B38}
	EndGlobalSection
	GlobalSection(ExtensibilityGlobals) = postSolution
		SolutionGuid = {37012384-C1BD-4C6E-9DFF-3F0FDCDFD886}
	EndGlobalSection
EndGlobal
